{
  "version": 4,
  "terraform_version": "1.6.6",
  "serial": 145,
  "lineage": "d1320f3c-c5cd-16da-a50d-95508b146909",
  "outputs": {
    "ip-bastion": {
      "value": "34.77.95.211",
      "type": "string"
    }
  },
  "resources": [
    {
      "mode": "managed",
      "type": "google_compute_firewall",
      "name": "FW",
      "provider": "provider[\"registry.terraform.io/hashicorp/google\"]",
      "instances": [
        {
          "schema_version": 1,
          "attributes": {
            "allow": [
              {
                "ports": [
                  "22"
                ],
                "protocol": "tcp"
              }
            ],
            "creation_timestamp": "2023-12-23T09:57:12.824-08:00",
            "deny": [],
            "description": "",
            "destination_ranges": [],
            "direction": "INGRESS",
            "disabled": false,
            "enable_logging": null,
            "id": "projects/eks-cluster-408613/global/firewalls/firewall",
            "log_config": [],
            "name": "firewall",
            "network": "https://www.googleapis.com/compute/v1/projects/eks-cluster-408613/global/networks/myvpc",
            "priority": 1000,
            "project": "eks-cluster-408613",
            "self_link": "https://www.googleapis.com/compute/v1/projects/eks-cluster-408613/global/firewalls/firewall",
            "source_ranges": [
              "0.0.0.0/0"
            ],
            "source_service_accounts": [],
            "source_tags": [],
            "target_service_accounts": [],
            "target_tags": [],
            "timeouts": null
          },
          "sensitive_attributes": [],
          "private": "eyJlMmJmYjczMC1lY2FhLTExZTYtOGY4OC0zNDM2M2JjN2M0YzAiOnsiY3JlYXRlIjoxMjAwMDAwMDAwMDAwLCJkZWxldGUiOjEyMDAwMDAwMDAwMDAsInVwZGF0ZSI6MTIwMDAwMDAwMDAwMH0sInNjaGVtYV92ZXJzaW9uIjoiMSJ9",
          "dependencies": [
            "module.network.google_compute_network.myvpc",
            "module.network.google_compute_router.network_router",
            "module.network.google_compute_router_nat.nat",
            "module.network.google_compute_subnetwork.private-subnet",
            "module.network.google_compute_subnetwork.public-subnet"
          ]
        }
      ]
    },
    {
      "mode": "managed",
      "type": "google_compute_instance",
      "name": "private-instace",
      "provider": "provider[\"registry.terraform.io/hashicorp/google\"]",
      "instances": [
        {
          "schema_version": 6,
          "attributes": {
            "advanced_machine_features": [],
            "allow_stopping_for_update": true,
            "attached_disk": [],
            "boot_disk": [
              {
                "auto_delete": true,
                "device_name": "persistent-disk-0",
                "disk_encryption_key_raw": "",
                "disk_encryption_key_sha256": "",
                "initialize_params": [
                  {
                    "image": "https://www.googleapis.com/compute/v1/projects/ubuntu-os-cloud/global/images/ubuntu-2204-jammy-v20231213a",
                    "labels": {},
                    "resource_manager_tags": null,
                    "size": 20,
                    "type": "pd-standard"
                  }
                ],
                "kms_key_self_link": "",
                "mode": "READ_WRITE",
                "source": "https://www.googleapis.com/compute/v1/projects/eks-cluster-408613/zones/europe-west1-b/disks/private-instance"
              }
            ],
            "can_ip_forward": false,
            "confidential_instance_config": [],
            "cpu_platform": "Intel Broadwell",
            "current_status": "RUNNING",
            "deletion_protection": false,
            "description": "",
            "desired_status": null,
            "effective_labels": {},
            "enable_display": false,
            "guest_accelerator": [],
            "hostname": "",
            "id": "projects/eks-cluster-408613/zones/europe-west1-b/instances/private-instance",
            "instance_id": "2860228289885800557",
            "label_fingerprint": "42WmSpB8rSM=",
            "labels": null,
            "machine_type": "e2-micro",
            "metadata": null,
            "metadata_fingerprint": "nh02E87WiOA=",
            "metadata_startup_script": "#\n#install python3\nsudo apt install python3 -y\nsudo apt install python3-pip -y\n#install kubectl\nsudo mkdir kube_files\nsudo apt install kubectl -y\n#install gcloud\nsudo apt install google-cloud-sdk-gke-gcloud-auth-plugin -y\ngcloud container clusters get-credentials private-standerd-gke-cluster --zone europe-west1-b\n#install docker\nsudo apt-get update\nsudo apt-get install ca-certificates curl gnupg\nsudo install -m 0755 -d /etc/apt/keyrings\ncurl -fsSL https://download.docker.com/linux/ubuntu/gpg | sudo gpg --dearmor -o /etc/apt/keyrings/docker.gpg\nsudo chmod a+r /etc/apt/keyrings/docker.gpg\necho \\\n\"deb [arch=$(dpkg --print-architecture) signed-by=/etc/apt/keyrings/docker.gpg] https://download.docker.com/linux/ubuntu \\\n$(. /etc/os-release \u0026\u0026 echo \"$VERSION_CODENAME\") stable\" | \\\nsudo tee /etc/apt/sources.list.d/docker.list \u003e /dev/null\nsudo apt-get update\nsudo apt-get install docker-ce docker-ce-cli containerd.io docker-buildx-plugin docker-compose-plugin\n#install git\nsudo apt install git -y \n#install open-jdk\nsudo apt install java-11-openjdk-devel -y\nsudo cp -r /root/.config/ /home/tata/\nsudo chown -R tata:tata /home/tata/.config/\nsudo cp -r /root/.kube/ /home/tata/\nsudo chown -R tata:tata /home/tata/.kube/\ngcloud container clusters get-credentials private-standerd-gke-cluster --zone europe-west1-b\ngcloud container clusters get-credentials private-standerd-gke-cluster --zone europe-west1-b\n",
            "min_cpu_platform": "",
            "name": "private-instance",
            "network_interface": [
              {
                "access_config": [
                  {
                    "nat_ip": "34.77.95.211",
                    "network_tier": "PREMIUM",
                    "public_ptr_domain_name": ""
                  }
                ],
                "alias_ip_range": [],
                "internal_ipv6_prefix_length": 0,
                "ipv6_access_config": [],
                "ipv6_access_type": "",
                "ipv6_address": "",
                "name": "nic0",
                "network": "https://www.googleapis.com/compute/v1/projects/eks-cluster-408613/global/networks/myvpc",
                "network_ip": "10.0.1.2",
                "nic_type": "",
                "queue_count": 0,
                "stack_type": "IPV4_ONLY",
                "subnetwork": "https://www.googleapis.com/compute/v1/projects/eks-cluster-408613/regions/europe-west1/subnetworks/public-subnet",
                "subnetwork_project": "eks-cluster-408613"
              }
            ],
            "network_performance_config": [],
            "params": [],
            "project": "eks-cluster-408613",
            "reservation_affinity": [],
            "resource_policies": null,
            "scheduling": [
              {
                "automatic_restart": true,
                "instance_termination_action": "",
                "local_ssd_recovery_timeout": [],
                "min_node_cpus": 0,
                "node_affinities": [],
                "on_host_maintenance": "MIGRATE",
                "preemptible": false,
                "provisioning_model": "STANDARD"
              }
            ],
            "scratch_disk": [],
            "self_link": "https://www.googleapis.com/compute/v1/projects/eks-cluster-408613/zones/europe-west1-b/instances/private-instance",
            "service_account": [
              {
                "email": "instance-service1-id@eks-cluster-408613.iam.gserviceaccount.com",
                "scopes": [
                  "https://www.googleapis.com/auth/cloud-platform"
                ]
              }
            ],
            "shielded_instance_config": [
              {
                "enable_integrity_monitoring": true,
                "enable_secure_boot": false,
                "enable_vtpm": true
              }
            ],
            "tags": null,
            "tags_fingerprint": "42WmSpB8rSM=",
            "terraform_labels": {},
            "timeouts": null,
            "zone": "europe-west1-b"
          },
          "sensitive_attributes": [],
          "private": "eyJlMmJmYjczMC1lY2FhLTExZTYtOGY4OC0zNDM2M2JjN2M0YzAiOnsiY3JlYXRlIjoxMjAwMDAwMDAwMDAwLCJkZWxldGUiOjEyMDAwMDAwMDAwMDAsInVwZGF0ZSI6MTIwMDAwMDAwMDAwMH0sInNjaGVtYV92ZXJzaW9uIjoiNiJ9",
          "dependencies": [
            "google_container_cluster.primary1",
            "google_container_node_pool.primary1-node",
            "google_service_account.cluster-service1",
            "google_service_account.instance-service1",
            "module.network.google_compute_network.myvpc",
            "module.network.google_compute_router.network_router",
            "module.network.google_compute_router_nat.nat",
            "module.network.google_compute_subnetwork.private-subnet",
            "module.network.google_compute_subnetwork.public-subnet"
          ]
        }
      ]
    },
    {
      "mode": "managed",
      "type": "google_container_cluster",
      "name": "primary1",
      "provider": "provider[\"registry.terraform.io/hashicorp/google\"]",
      "instances": [
        {
          "schema_version": 2,
          "attributes": {
            "addons_config": [
              {
                "cloudrun_config": [],
                "config_connector_config": [],
                "dns_cache_config": [],
                "gce_persistent_disk_csi_driver_config": [
                  {
                    "enabled": true
                  }
                ],
                "gcp_filestore_csi_driver_config": [],
                "gcs_fuse_csi_driver_config": [],
                "gke_backup_agent_config": [],
                "horizontal_pod_autoscaling": [],
                "http_load_balancing": [],
                "network_policy_config": [
                  {
                    "disabled": true
                  }
                ]
              }
            ],
            "allow_net_admin": null,
            "authenticator_groups_config": [],
            "binary_authorization": [
              {
                "enabled": false,
                "evaluation_mode": ""
              }
            ],
            "cluster_autoscaling": [
              {
                "auto_provisioning_defaults": [],
                "autoscaling_profile": "BALANCED",
                "enabled": false,
                "resource_limits": []
              }
            ],
            "cluster_ipv4_cidr": "10.36.0.0/14",
            "confidential_nodes": [],
            "cost_management_config": [],
            "database_encryption": [
              {
                "key_name": "",
                "state": "DECRYPTED"
              }
            ],
            "datapath_provider": "",
            "default_max_pods_per_node": 110,
            "default_snat_status": [
              {
                "disabled": false
              }
            ],
            "deletion_protection": true,
            "description": "",
            "dns_config": [],
            "enable_autopilot": false,
            "enable_intranode_visibility": false,
            "enable_k8s_beta_apis": [],
            "enable_kubernetes_alpha": false,
            "enable_l4_ilb_subsetting": false,
            "enable_legacy_abac": false,
            "enable_shielded_nodes": true,
            "enable_tpu": false,
            "endpoint": "172.16.0.2",
            "fleet": [],
            "gateway_api_config": [],
            "id": "projects/eks-cluster-408613/locations/europe-west1-b/clusters/eks-cluster-1",
            "identity_service_config": [],
            "initial_node_count": 1,
            "ip_allocation_policy": [
              {
                "additional_pod_ranges_config": [],
                "cluster_ipv4_cidr_block": "10.36.0.0/14",
                "cluster_secondary_range_name": "gke-eks-cluster-1-pods-ec2daa31",
                "pod_cidr_overprovision_config": [
                  {
                    "disabled": false
                  }
                ],
                "services_ipv4_cidr_block": "10.40.0.0/20",
                "services_secondary_range_name": "gke-eks-cluster-1-services-ec2daa31",
                "stack_type": "IPV4"
              }
            ],
            "label_fingerprint": "a9dc16a7",
            "location": "europe-west1-b",
            "logging_config": [
              {
                "enable_components": [
                  "SYSTEM_COMPONENTS",
                  "WORKLOADS"
                ]
              }
            ],
            "logging_service": "logging.googleapis.com/kubernetes",
            "maintenance_policy": [],
            "master_auth": [
              {
                "client_certificate": "",
                "client_certificate_config": [
                  {
                    "issue_client_certificate": false
                  }
                ],
                "client_key": "",
                "cluster_ca_certificate": "LS0tLS1CRUdJTiBDRVJUSUZJQ0FURS0tLS0tCk1JSUVMRENDQXBTZ0F3SUJBZ0lRT1ZEQTBFWmJyc2s3Q1RvazhCNitpVEFOQmdrcWhraUc5dzBCQVFzRkFEQXYKTVMwd0t3WURWUVFERXlRMk16YzBaRFk1WmkwNFlqQTJMVFJpTmpNdE9EWmlOUzB6WXpNNU56WXlZV0pqWlRrdwpJQmNOTWpNeE1qSXpNVFkxTnpFeldoZ1BNakExTXpFeU1UVXhOelUzTVROYU1DOHhMVEFyQmdOVkJBTVRKRFl6Ck56UmtOamxtTFRoaU1EWXROR0kyTXkwNE5tSTFMVE5qTXprM05qSmhZbU5sT1RDQ0FhSXdEUVlKS29aSWh2Y04KQVFFQkJRQURnZ0dQQURDQ0FZb0NnZ0dCQUtjQXFFVjNRZVZFaGVpUTZwaXN0N1J3TVpUbXI1ak40b1N1UG1uTQprb1hOeFEzWmphK0h1KzAxUHNHTEhEUXEwT1dmM1VranRSd00xc3RFYjVrMFJwZUYyN1ljZ3lIb2NwWVQrckVGCk5lZmxBYmIvOUVGWUVINEIwUVBnOHc4amUzSFFlSWM3ck5SaTgrSkpKTHNLeXpMQWU4ZDBiREdWbUJzaWRkOXQKalVmZzdTN0UyRFdZZ2hGd2RaL21HT3M5bG0yQ0FDYjlkdU9MemlXVWxkUVVwQSthejI1QnZQdUdmV1E1NHNtRgo5R0lLL2E5ZVpNaDNhNjRYN0lla3h6OUJqdDh5U1ppMHdBOHJvYUc0VVk2MVladDVYcEwxcGJNTnZ0L1NDMXRTCjJVdHFRVm8vdlBaK3BmTm9CSDFJckU4WnRncDUxQVlEcWdoblo2L3h6c0dSYWhVMHBHSGxlR1JaWEdvaklxcWwKbzh4VHF2L3lxV2xFWTdLeTMyVFYwSzJ5Wi9BeVNKMlRZLzBIVnRPMFgvMjNKU3FXaDFqTktnZ3N1T2hZRkFoOAptNU4zMjNWbVdkVlZXZnhGS0tBcVNJellsN2NwckxpM0Z4SWJ5a3VURDhNRjNRTEE3SnJBVS9Wb1hKSjdYWldNCkRUVlBCUThQOVhtU29kUG1wZUx3WC9YMmh3SURBUUFCbzBJd1FEQU9CZ05WSFE4QkFmOEVCQU1DQWdRd0R3WUQKVlIwVEFRSC9CQVV3QXdFQi96QWRCZ05WSFE0RUZnUVVYZzF0cTU2NXdjL096TjUyc3ljdkVmd2JsS1V3RFFZSgpLb1pJaHZjTkFRRUxCUUFEZ2dHQkFDMHdMS2kvdnpSUW1Tb1I5cnV5ZGlPMkxKTlFlNnRxTC95VmlxSUJNOHU4CmcxWS9yY1NTdU9GVmJFMy90aUhzZzVKcG1QR3BWYnhuSkRrZUNJOW1xandVM0VGWUpPeDAwa1p0V1ZqZ09YREcKMkMyek42eFdQVVFrQUNkbE9kSGhXUExueHVPZDJ2SUpXbG04U0ZMU084WkNMRURXMDliRElhblZPRUhxRXI2egpmZkJzUnoxRHc1TUhoUGdFaSt6MG44Y0VSOEdReEJtVm1vazZSMXNUWlhnUFd0T3F6MjdpdlZyYmZoazlJVEVLCmthV3U5Zkp0d2pMV3FPTCszTUQzaUFWT2FjSTF1WEVoL1BYQ0hiMXJLOHNKTVFab1BQQjlOUVl3RVp0ZDlzVVMKN0drdmNBcFJaY0JLWGVnUXJwSWl6OWM2dUNBQWh5dVFzdHFRQjI4TVBBUHJ4anRsRTB5ZU1HbndUUk90UUQvMQpCem8yZWFabExMeE1GMWk4SkxmVjAwalVNdlRZRDFDQi8wcUJob1ZCV2prbFNWR0xFcmpYWElJSmpRTnlhZlNIClgrOHF4VUFNRUxIM1JSazlaTTd1YmluTC9mcndxMHRuWUhhT0VHTXIrTE82QVFrQlhFMitzdERPY1QvZW1OUDcKYyswa211dnlCcE9TWkd6dDNMc3ZvZz09Ci0tLS0tRU5EIENFUlRJRklDQVRFLS0tLS0K"
              }
            ],
            "master_authorized_networks_config": [
              {
                "cidr_blocks": [
                  {
                    "cidr_block": "10.0.1.0/24",
                    "display_name": "managment-cider-range"
                  }
                ],
                "gcp_public_cidrs_access_enabled": false
              }
            ],
            "master_version": "1.27.3-gke.100",
            "mesh_certificates": [],
            "min_master_version": null,
            "monitoring_config": [
              {
                "advanced_datapath_observability_config": [
                  {
                    "enable_metrics": false,
                    "relay_mode": ""
                  }
                ],
                "enable_components": [
                  "SYSTEM_COMPONENTS"
                ],
                "managed_prometheus": [
                  {
                    "enabled": true
                  }
                ]
              }
            ],
            "monitoring_service": "monitoring.googleapis.com/kubernetes",
            "name": "eks-cluster-1",
            "network": "projects/eks-cluster-408613/global/networks/myvpc",
            "network_policy": [
              {
                "enabled": false,
                "provider": "PROVIDER_UNSPECIFIED"
              }
            ],
            "networking_mode": "VPC_NATIVE",
            "node_config": [
              {
                "advanced_machine_features": [],
                "boot_disk_kms_key": "",
                "confidential_nodes": [],
                "disk_size_gb": 100,
                "disk_type": "pd-balanced",
                "effective_taints": [],
                "ephemeral_storage_local_ssd_config": [],
                "fast_socket": [],
                "gcfs_config": [],
                "guest_accelerator": [],
                "gvnic": [],
                "host_maintenance_policy": [],
                "image_type": "COS_CONTAINERD",
                "kubelet_config": [],
                "labels": {},
                "linux_node_config": [],
                "local_nvme_ssd_block_config": [],
                "local_ssd_count": 0,
                "logging_variant": "DEFAULT",
                "machine_type": "e2-medium",
                "metadata": {
                  "disable-legacy-endpoints": "true"
                },
                "min_cpu_platform": "",
                "node_group": "",
                "oauth_scopes": [
                  "https://www.googleapis.com/auth/cloud-platform"
                ],
                "preemptible": true,
                "reservation_affinity": [],
                "resource_labels": {},
                "service_account": "cluster-service1-id@eks-cluster-408613.iam.gserviceaccount.com",
                "shielded_instance_config": [
                  {
                    "enable_integrity_monitoring": true,
                    "enable_secure_boot": false
                  }
                ],
                "sole_tenant_config": [],
                "spot": false,
                "tags": [],
                "taint": [],
                "workload_metadata_config": []
              }
            ],
            "node_locations": [
              "europe-west1-c"
            ],
            "node_pool": [
              {
                "autoscaling": [
                  {
                    "location_policy": "ANY",
                    "max_node_count": 1,
                    "min_node_count": 1,
                    "total_max_node_count": 0,
                    "total_min_node_count": 0
                  }
                ],
                "initial_node_count": 1,
                "instance_group_urls": [
                  "https://www.googleapis.com/compute/v1/projects/eks-cluster-408613/zones/europe-west1-b/instanceGroupManagers/gke-eks-cluster-1-cluster-node-8e23e785-grp",
                  "https://www.googleapis.com/compute/v1/projects/eks-cluster-408613/zones/europe-west1-c/instanceGroupManagers/gke-eks-cluster-1-cluster-node-ae7ad3fe-grp"
                ],
                "managed_instance_group_urls": [
                  "https://www.googleapis.com/compute/v1/projects/eks-cluster-408613/zones/europe-west1-b/instanceGroups/gke-eks-cluster-1-cluster-node-8e23e785-grp",
                  "https://www.googleapis.com/compute/v1/projects/eks-cluster-408613/zones/europe-west1-c/instanceGroups/gke-eks-cluster-1-cluster-node-ae7ad3fe-grp"
                ],
                "management": [
                  {
                    "auto_repair": true,
                    "auto_upgrade": true
                  }
                ],
                "max_pods_per_node": 110,
                "name": "cluster-node",
                "name_prefix": "",
                "network_config": [
                  {
                    "create_pod_range": false,
                    "enable_private_nodes": false,
                    "network_performance_config": [],
                    "pod_cidr_overprovision_config": [],
                    "pod_ipv4_cidr_block": "10.36.0.0/14",
                    "pod_range": "gke-eks-cluster-1-pods-ec2daa31"
                  }
                ],
                "node_config": [
                  {
                    "advanced_machine_features": [],
                    "boot_disk_kms_key": "",
                    "confidential_nodes": [],
                    "disk_size_gb": 100,
                    "disk_type": "pd-balanced",
                    "effective_taints": [],
                    "ephemeral_storage_local_ssd_config": [],
                    "fast_socket": [],
                    "gcfs_config": [],
                    "guest_accelerator": [],
                    "gvnic": [],
                    "host_maintenance_policy": [],
                    "image_type": "COS_CONTAINERD",
                    "kubelet_config": [],
                    "labels": {},
                    "linux_node_config": [],
                    "local_nvme_ssd_block_config": [],
                    "local_ssd_count": 0,
                    "logging_variant": "DEFAULT",
                    "machine_type": "e2-medium",
                    "metadata": {
                      "disable-legacy-endpoints": "true"
                    },
                    "min_cpu_platform": "",
                    "node_group": "",
                    "oauth_scopes": [
                      "https://www.googleapis.com/auth/cloud-platform"
                    ],
                    "preemptible": true,
                    "reservation_affinity": [],
                    "resource_labels": {},
                    "service_account": "cluster-service1-id@eks-cluster-408613.iam.gserviceaccount.com",
                    "shielded_instance_config": [
                      {
                        "enable_integrity_monitoring": true,
                        "enable_secure_boot": false
                      }
                    ],
                    "sole_tenant_config": [],
                    "spot": false,
                    "tags": [],
                    "taint": [],
                    "workload_metadata_config": []
                  }
                ],
                "node_count": 1,
                "node_locations": [
                  "europe-west1-b",
                  "europe-west1-c"
                ],
                "placement_policy": [],
                "upgrade_settings": [
                  {
                    "blue_green_settings": [],
                    "max_surge": 1,
                    "max_unavailable": 0,
                    "strategy": "SURGE"
                  }
                ],
                "version": "1.27.3-gke.100"
              }
            ],
            "node_pool_auto_config": [],
            "node_pool_defaults": [
              {
                "node_config_defaults": [
                  {
                    "logging_variant": "DEFAULT"
                  }
                ]
              }
            ],
            "node_version": "1.27.3-gke.100",
            "notification_config": [
              {
                "pubsub": [
                  {
                    "enabled": false,
                    "filter": [],
                    "topic": ""
                  }
                ]
              }
            ],
            "operation": null,
            "private_cluster_config": [
              {
                "enable_private_endpoint": true,
                "enable_private_nodes": true,
                "master_global_access_config": [
                  {
                    "enabled": false
                  }
                ],
                "master_ipv4_cidr_block": "172.16.0.0/28",
                "peering_name": "gke-na0c002969d35372c424-ebdc-6265-peer",
                "private_endpoint": "172.16.0.2",
                "private_endpoint_subnetwork": "",
                "public_endpoint": "35.187.85.86"
              }
            ],
            "private_ipv6_google_access": "",
            "project": "eks-cluster-408613",
            "release_channel": [
              {
                "channel": "REGULAR"
              }
            ],
            "remove_default_node_pool": true,
            "resource_labels": {},
            "resource_usage_export_config": [],
            "security_posture_config": [
              {
                "mode": "BASIC",
                "vulnerability_mode": "VULNERABILITY_MODE_UNSPECIFIED"
              }
            ],
            "self_link": "https://container.googleapis.com/v1/projects/eks-cluster-408613/zones/europe-west1-b/clusters/eks-cluster-1",
            "service_external_ips_config": [
              {
                "enabled": false
              }
            ],
            "services_ipv4_cidr": "10.40.0.0/20",
            "subnetwork": "projects/eks-cluster-408613/regions/europe-west1/subnetworks/private-subnet",
            "timeouts": null,
            "tpu_ipv4_cidr_block": "",
            "vertical_pod_autoscaling": [],
            "workload_identity_config": []
          },
          "sensitive_attributes": [],
          "private": "eyJlMmJmYjczMC1lY2FhLTExZTYtOGY4OC0zNDM2M2JjN2M0YzAiOnsiY3JlYXRlIjoyNDAwMDAwMDAwMDAwLCJkZWxldGUiOjI0MDAwMDAwMDAwMDAsInJlYWQiOjI0MDAwMDAwMDAwMDAsInVwZGF0ZSI6MzYwMDAwMDAwMDAwMH0sInNjaGVtYV92ZXJzaW9uIjoiMiJ9",
          "dependencies": [
            "module.network.google_compute_network.myvpc",
            "module.network.google_compute_router.network_router",
            "module.network.google_compute_router_nat.nat",
            "module.network.google_compute_subnetwork.private-subnet",
            "module.network.google_compute_subnetwork.public-subnet"
          ]
        }
      ]
    },
    {
      "mode": "managed",
      "type": "google_container_node_pool",
      "name": "primary1-node",
      "provider": "provider[\"registry.terraform.io/hashicorp/google\"]",
      "instances": [
        {
          "schema_version": 1,
          "attributes": {
            "autoscaling": [
              {
                "location_policy": "ANY",
                "max_node_count": 1,
                "min_node_count": 1,
                "total_max_node_count": 0,
                "total_min_node_count": 0
              }
            ],
            "cluster": "projects/eks-cluster-408613/locations/europe-west1-b/clusters/eks-cluster-1",
            "id": "projects/eks-cluster-408613/locations/europe-west1-b/clusters/eks-cluster-1/nodePools/cluster-node",
            "initial_node_count": 1,
            "instance_group_urls": [
              "https://www.googleapis.com/compute/v1/projects/eks-cluster-408613/zones/europe-west1-b/instanceGroupManagers/gke-eks-cluster-1-cluster-node-8e23e785-grp",
              "https://www.googleapis.com/compute/v1/projects/eks-cluster-408613/zones/europe-west1-c/instanceGroupManagers/gke-eks-cluster-1-cluster-node-ae7ad3fe-grp"
            ],
            "location": "europe-west1-b",
            "managed_instance_group_urls": [
              "https://www.googleapis.com/compute/v1/projects/eks-cluster-408613/zones/europe-west1-b/instanceGroups/gke-eks-cluster-1-cluster-node-8e23e785-grp",
              "https://www.googleapis.com/compute/v1/projects/eks-cluster-408613/zones/europe-west1-c/instanceGroups/gke-eks-cluster-1-cluster-node-ae7ad3fe-grp"
            ],
            "management": [
              {
                "auto_repair": true,
                "auto_upgrade": true
              }
            ],
            "max_pods_per_node": 110,
            "name": "cluster-node",
            "name_prefix": "",
            "network_config": [
              {
                "create_pod_range": false,
                "enable_private_nodes": false,
                "network_performance_config": [],
                "pod_cidr_overprovision_config": [],
                "pod_ipv4_cidr_block": "10.36.0.0/14",
                "pod_range": "gke-eks-cluster-1-pods-ec2daa31"
              }
            ],
            "node_config": [
              {
                "advanced_machine_features": [],
                "boot_disk_kms_key": "",
                "confidential_nodes": [],
                "disk_size_gb": 100,
                "disk_type": "pd-balanced",
                "effective_taints": [],
                "ephemeral_storage_local_ssd_config": [],
                "fast_socket": [],
                "gcfs_config": [],
                "guest_accelerator": [],
                "gvnic": [],
                "host_maintenance_policy": [],
                "image_type": "COS_CONTAINERD",
                "kubelet_config": [],
                "labels": {},
                "linux_node_config": [],
                "local_nvme_ssd_block_config": [],
                "local_ssd_count": 0,
                "logging_variant": "DEFAULT",
                "machine_type": "e2-medium",
                "metadata": {
                  "disable-legacy-endpoints": "true"
                },
                "min_cpu_platform": "",
                "node_group": "",
                "oauth_scopes": [
                  "https://www.googleapis.com/auth/cloud-platform"
                ],
                "preemptible": true,
                "reservation_affinity": [],
                "resource_labels": {},
                "service_account": "cluster-service1-id@eks-cluster-408613.iam.gserviceaccount.com",
                "shielded_instance_config": [
                  {
                    "enable_integrity_monitoring": true,
                    "enable_secure_boot": false
                  }
                ],
                "sole_tenant_config": [],
                "spot": false,
                "tags": [],
                "taint": [],
                "workload_metadata_config": []
              }
            ],
            "node_count": 1,
            "node_locations": [
              "europe-west1-b",
              "europe-west1-c"
            ],
            "operation": null,
            "placement_policy": [],
            "project": "eks-cluster-408613",
            "timeouts": null,
            "upgrade_settings": [
              {
                "blue_green_settings": [],
                "max_surge": 1,
                "max_unavailable": 0,
                "strategy": "SURGE"
              }
            ],
            "version": "1.27.3-gke.100"
          },
          "sensitive_attributes": [],
          "private": "eyJlMmJmYjczMC1lY2FhLTExZTYtOGY4OC0zNDM2M2JjN2M0YzAiOnsiY3JlYXRlIjoxODAwMDAwMDAwMDAwLCJkZWxldGUiOjE4MDAwMDAwMDAwMDAsInVwZGF0ZSI6MTgwMDAwMDAwMDAwMH0sInNjaGVtYV92ZXJzaW9uIjoiMSJ9",
          "dependencies": [
            "google_container_cluster.primary1",
            "google_service_account.cluster-service1",
            "module.network.google_compute_network.myvpc",
            "module.network.google_compute_router.network_router",
            "module.network.google_compute_router_nat.nat",
            "module.network.google_compute_subnetwork.private-subnet",
            "module.network.google_compute_subnetwork.public-subnet"
          ]
        }
      ]
    },
    {
      "mode": "managed",
      "type": "google_service_account",
      "name": "cluster-service1",
      "provider": "provider[\"registry.terraform.io/hashicorp/google\"]",
      "instances": [
        {
          "schema_version": 0,
          "attributes": {
            "account_id": "cluster-service1-id",
            "description": "",
            "disabled": false,
            "display_name": "",
            "email": "cluster-service1-id@eks-cluster-408613.iam.gserviceaccount.com",
            "id": "projects/eks-cluster-408613/serviceAccounts/cluster-service1-id@eks-cluster-408613.iam.gserviceaccount.com",
            "member": "serviceAccount:cluster-service1-id@eks-cluster-408613.iam.gserviceaccount.com",
            "name": "projects/eks-cluster-408613/serviceAccounts/cluster-service1-id@eks-cluster-408613.iam.gserviceaccount.com",
            "project": "eks-cluster-408613",
            "timeouts": null,
            "unique_id": "112287351753284540759"
          },
          "sensitive_attributes": [],
          "private": "eyJlMmJmYjczMC1lY2FhLTExZTYtOGY4OC0zNDM2M2JjN2M0YzAiOnsiY3JlYXRlIjozMDAwMDAwMDAwMDB9fQ=="
        }
      ]
    },
    {
      "mode": "managed",
      "type": "google_service_account",
      "name": "instance-service1",
      "provider": "provider[\"registry.terraform.io/hashicorp/google\"]",
      "instances": [
        {
          "schema_version": 0,
          "attributes": {
            "account_id": "instance-service1-id",
            "description": "",
            "disabled": false,
            "display_name": "",
            "email": "instance-service1-id@eks-cluster-408613.iam.gserviceaccount.com",
            "id": "projects/eks-cluster-408613/serviceAccounts/instance-service1-id@eks-cluster-408613.iam.gserviceaccount.com",
            "member": "serviceAccount:instance-service1-id@eks-cluster-408613.iam.gserviceaccount.com",
            "name": "projects/eks-cluster-408613/serviceAccounts/instance-service1-id@eks-cluster-408613.iam.gserviceaccount.com",
            "project": "eks-cluster-408613",
            "timeouts": null,
            "unique_id": "112341587860323259065"
          },
          "sensitive_attributes": [],
          "private": "eyJlMmJmYjczMC1lY2FhLTExZTYtOGY4OC0zNDM2M2JjN2M0YzAiOnsiY3JlYXRlIjozMDAwMDAwMDAwMDB9fQ=="
        }
      ]
    },
    {
      "mode": "managed",
      "type": "google_service_account_iam_binding",
      "name": "iam-binding-cluster",
      "provider": "provider[\"registry.terraform.io/hashicorp/google\"]",
      "instances": [
        {
          "schema_version": 0,
          "attributes": {
            "condition": [],
            "etag": "BwYNMkSBbis=",
            "id": "projects/eks-cluster-408613/serviceAccounts/cluster-service1-id@eks-cluster-408613.iam.gserviceaccount.com/roles/admin",
            "members": [
              "serviceAccount:cluster-service1-id@eks-cluster-408613.iam.gserviceaccount.com"
            ],
            "role": "roles/admin",
            "service_account_id": "projects/eks-cluster-408613/serviceAccounts/cluster-service1-id@eks-cluster-408613.iam.gserviceaccount.com"
          },
          "sensitive_attributes": [],
          "private": "bnVsbA==",
          "dependencies": [
            "google_service_account.cluster-service1"
          ]
        }
      ]
    },
    {
      "mode": "managed",
      "type": "google_service_account_iam_binding",
      "name": "iam-binding-instance",
      "provider": "provider[\"registry.terraform.io/hashicorp/google\"]",
      "instances": [
        {
          "schema_version": 0,
          "attributes": {
            "condition": [],
            "etag": "BwYNMkSJeH4=",
            "id": "projects/eks-cluster-408613/serviceAccounts/instance-service1-id@eks-cluster-408613.iam.gserviceaccount.com/roles/admin",
            "members": [
              "serviceAccount:instance-service1-id@eks-cluster-408613.iam.gserviceaccount.com"
            ],
            "role": "roles/admin",
            "service_account_id": "projects/eks-cluster-408613/serviceAccounts/instance-service1-id@eks-cluster-408613.iam.gserviceaccount.com"
          },
          "sensitive_attributes": [],
          "private": "bnVsbA==",
          "dependencies": [
            "google_service_account.instance-service1"
          ]
        }
      ]
    },
    {
      "module": "module.network",
      "mode": "managed",
      "type": "google_compute_network",
      "name": "myvpc",
      "provider": "provider[\"registry.terraform.io/hashicorp/google\"]",
      "instances": [
        {
          "schema_version": 0,
          "attributes": {
            "auto_create_subnetworks": false,
            "delete_default_routes_on_create": false,
            "description": "",
            "enable_ula_internal_ipv6": false,
            "gateway_ipv4": "",
            "id": "projects/eks-cluster-408613/global/networks/myvpc",
            "internal_ipv6_range": "",
            "mtu": 1460,
            "name": "myvpc",
            "network_firewall_policy_enforcement_order": "AFTER_CLASSIC_FIREWALL",
            "numeric_id": "4711628591990481349",
            "project": "eks-cluster-408613",
            "routing_mode": "REGIONAL",
            "self_link": "https://www.googleapis.com/compute/v1/projects/eks-cluster-408613/global/networks/myvpc",
            "timeouts": null
          },
          "sensitive_attributes": [],
          "private": "eyJlMmJmYjczMC1lY2FhLTExZTYtOGY4OC0zNDM2M2JjN2M0YzAiOnsiY3JlYXRlIjoxMjAwMDAwMDAwMDAwLCJkZWxldGUiOjEyMDAwMDAwMDAwMDAsInVwZGF0ZSI6MTIwMDAwMDAwMDAwMH19"
        }
      ]
    },
    {
      "module": "module.network",
      "mode": "managed",
      "type": "google_compute_router",
      "name": "network_router",
      "provider": "provider[\"registry.terraform.io/hashicorp/google\"]",
      "instances": [
        {
          "schema_version": 0,
          "attributes": {
            "bgp": [],
            "creation_timestamp": "2023-12-23T09:56:49.277-08:00",
            "description": "",
            "encrypted_interconnect_router": false,
            "id": "projects/eks-cluster-408613/regions/europe-west1/routers/my-router",
            "name": "my-router",
            "network": "https://www.googleapis.com/compute/v1/projects/eks-cluster-408613/global/networks/myvpc",
            "project": "eks-cluster-408613",
            "region": "europe-west1",
            "self_link": "https://www.googleapis.com/compute/v1/projects/eks-cluster-408613/regions/europe-west1/routers/my-router",
            "timeouts": null
          },
          "sensitive_attributes": [],
          "private": "eyJlMmJmYjczMC1lY2FhLTExZTYtOGY4OC0zNDM2M2JjN2M0YzAiOnsiY3JlYXRlIjoxMjAwMDAwMDAwMDAwLCJkZWxldGUiOjEyMDAwMDAwMDAwMDAsInVwZGF0ZSI6MTIwMDAwMDAwMDAwMH19",
          "dependencies": [
            "module.network.google_compute_network.myvpc",
            "module.network.google_compute_subnetwork.public-subnet"
          ]
        }
      ]
    },
    {
      "module": "module.network",
      "mode": "managed",
      "type": "google_compute_router_nat",
      "name": "nat",
      "provider": "provider[\"registry.terraform.io/hashicorp/google\"]",
      "instances": [
        {
          "schema_version": 0,
          "attributes": {
            "drain_nat_ips": [],
            "enable_dynamic_port_allocation": false,
            "enable_endpoint_independent_mapping": false,
            "icmp_idle_timeout_sec": 30,
            "id": "eks-cluster-408613/europe-west1/my-router/my-router-nat",
            "log_config": [],
            "max_ports_per_vm": 0,
            "min_ports_per_vm": 0,
            "name": "my-router-nat",
            "nat_ip_allocate_option": "AUTO_ONLY",
            "nat_ips": [],
            "project": "eks-cluster-408613",
            "region": "europe-west1",
            "router": "my-router",
            "rules": [],
            "source_subnetwork_ip_ranges_to_nat": "LIST_OF_SUBNETWORKS",
            "subnetwork": [
              {
                "name": "https://www.googleapis.com/compute/v1/projects/eks-cluster-408613/regions/europe-west1/subnetworks/private-subnet",
                "secondary_ip_range_names": [],
                "source_ip_ranges_to_nat": [
                  "ALL_IP_RANGES"
                ]
              },
              {
                "name": "https://www.googleapis.com/compute/v1/projects/eks-cluster-408613/regions/europe-west1/subnetworks/public-subnet",
                "secondary_ip_range_names": [],
                "source_ip_ranges_to_nat": [
                  "ALL_IP_RANGES"
                ]
              }
            ],
            "tcp_established_idle_timeout_sec": 1200,
            "tcp_time_wait_timeout_sec": 120,
            "tcp_transitory_idle_timeout_sec": 30,
            "timeouts": null,
            "udp_idle_timeout_sec": 30
          },
          "sensitive_attributes": [],
          "private": "eyJlMmJmYjczMC1lY2FhLTExZTYtOGY4OC0zNDM2M2JjN2M0YzAiOnsiY3JlYXRlIjoxMjAwMDAwMDAwMDAwLCJkZWxldGUiOjEyMDAwMDAwMDAwMDAsInVwZGF0ZSI6MTIwMDAwMDAwMDAwMH19",
          "dependencies": [
            "module.network.google_compute_network.myvpc",
            "module.network.google_compute_router.network_router",
            "module.network.google_compute_subnetwork.private-subnet",
            "module.network.google_compute_subnetwork.public-subnet"
          ]
        }
      ]
    },
    {
      "module": "module.network",
      "mode": "managed",
      "type": "google_compute_subnetwork",
      "name": "private-subnet",
      "provider": "provider[\"registry.terraform.io/hashicorp/google\"]",
      "instances": [
        {
          "schema_version": 0,
          "attributes": {
            "creation_timestamp": "2023-12-23T09:56:27.619-08:00",
            "description": "",
            "external_ipv6_prefix": "",
            "fingerprint": null,
            "gateway_address": "10.0.2.1",
            "id": "projects/eks-cluster-408613/regions/europe-west1/subnetworks/private-subnet",
            "internal_ipv6_prefix": "",
            "ip_cidr_range": "10.0.2.0/24",
            "ipv6_access_type": "",
            "ipv6_cidr_range": "",
            "log_config": [],
            "name": "private-subnet",
            "network": "https://www.googleapis.com/compute/v1/projects/eks-cluster-408613/global/networks/myvpc",
            "private_ip_google_access": true,
            "private_ipv6_google_access": "DISABLE_GOOGLE_ACCESS",
            "project": "eks-cluster-408613",
            "purpose": "PRIVATE",
            "region": "europe-west1",
            "role": "",
            "secondary_ip_range": [
              {
                "ip_cidr_range": "10.36.0.0/14",
                "range_name": "gke-eks-cluster-1-pods-ec2daa31"
              },
              {
                "ip_cidr_range": "10.40.0.0/20",
                "range_name": "gke-eks-cluster-1-services-ec2daa31"
              }
            ],
            "self_link": "https://www.googleapis.com/compute/v1/projects/eks-cluster-408613/regions/europe-west1/subnetworks/private-subnet",
            "stack_type": "IPV4_ONLY",
            "timeouts": null
          },
          "sensitive_attributes": [],
          "private": "eyJlMmJmYjczMC1lY2FhLTExZTYtOGY4OC0zNDM2M2JjN2M0YzAiOnsiY3JlYXRlIjoxMjAwMDAwMDAwMDAwLCJkZWxldGUiOjEyMDAwMDAwMDAwMDAsInVwZGF0ZSI6MTIwMDAwMDAwMDAwMH19",
          "dependencies": [
            "module.network.google_compute_network.myvpc"
          ]
        }
      ]
    },
    {
      "module": "module.network",
      "mode": "managed",
      "type": "google_compute_subnetwork",
      "name": "public-subnet",
      "provider": "provider[\"registry.terraform.io/hashicorp/google\"]",
      "instances": [
        {
          "schema_version": 0,
          "attributes": {
            "creation_timestamp": "2023-12-23T09:56:27.401-08:00",
            "description": "",
            "external_ipv6_prefix": "",
            "fingerprint": null,
            "gateway_address": "10.0.1.1",
            "id": "projects/eks-cluster-408613/regions/europe-west1/subnetworks/public-subnet",
            "internal_ipv6_prefix": "",
            "ip_cidr_range": "10.0.1.0/24",
            "ipv6_access_type": "",
            "ipv6_cidr_range": "",
            "log_config": [],
            "name": "public-subnet",
            "network": "https://www.googleapis.com/compute/v1/projects/eks-cluster-408613/global/networks/myvpc",
            "private_ip_google_access": true,
            "private_ipv6_google_access": "DISABLE_GOOGLE_ACCESS",
            "project": "eks-cluster-408613",
            "purpose": "PRIVATE",
            "region": "europe-west1",
            "role": "",
            "secondary_ip_range": [],
            "self_link": "https://www.googleapis.com/compute/v1/projects/eks-cluster-408613/regions/europe-west1/subnetworks/public-subnet",
            "stack_type": "IPV4_ONLY",
            "timeouts": null
          },
          "sensitive_attributes": [],
          "private": "eyJlMmJmYjczMC1lY2FhLTExZTYtOGY4OC0zNDM2M2JjN2M0YzAiOnsiY3JlYXRlIjoxMjAwMDAwMDAwMDAwLCJkZWxldGUiOjEyMDAwMDAwMDAwMDAsInVwZGF0ZSI6MTIwMDAwMDAwMDAwMH19",
          "dependencies": [
            "module.network.google_compute_network.myvpc"
          ]
        }
      ]
    }
  ],
  "check_results": null
}
